
Microsoft Visual Studio Solution File, Format Version 12.00
# Visual Studio 2012
Project("{FAE04EC0-301F-11D3-BF4B-00C04F79EFBC}") = "Mallem", "Mallem\Mallem.csproj", "{16CDBBDD-51D5-44D8-AD7D-73D2568B2EB1}"
EndProject
Global
	GlobalSection(SolutionConfigurationPlatforms) = preSolution
		Debug|Any CPU = Debug|Any CPU
		Release|Any CPU = Release|Any CPU
	EndGlobalSection
	GlobalSection(ProjectConfigurationPlatforms) = postSolution
		{16CDBBDD-51D5-44D8-AD7D-73D2568B2EB1}.Debug|Any CPU.ActiveCfg = Debug|Any CPU
		{16CDBBDD-51D5-44D8-AD7D-73D2568B2EB1}.Debug|Any CPU.Build.0 = Debug|Any CPU
		{16CDBBDD-51D5-44D8-AD7D-73D2568B2EB1}.Release|Any CPU.ActiveCfg = Release|Any CPU
		{16CDBBDD-51D5-44D8-AD7D-73D2568B2EB1}.Release|Any CPU.Build.0 = Release|Any CPU
	EndGlobalSection
	GlobalSection(SolutionProperties) = preSolution
		HideSolutionNode = FALSE
	EndGlobalSection
EndGlobal
